// !$*UTF8*$!
{
	archiveVersion = 1;
	classes = {
	};
	objectVersion = 55;
	objects = {

/* Begin PBXBuildFile section */
		2ACF2C6C46FE52F26FAF664F /* Pods_booklist.framework in Frameworks */ = {isa = PBXBuildFile; fileRef = 805AE4CF5A0EF343AB224FA5 /* Pods_booklist.framework */; };
		5329BDC327A2BA4500F617EC /* BookResponse.swift in Sources */ = {isa = PBXBuildFile; fileRef = 5329BDC227A2BA4500F617EC /* BookResponse.swift */; };
		536E0AD8279EB72000F9A830 /* AppDelegate.swift in Sources */ = {isa = PBXBuildFile; fileRef = 536E0AD7279EB72000F9A830 /* AppDelegate.swift */; };
		536E0ADA279EB72000F9A830 /* SceneDelegate.swift in Sources */ = {isa = PBXBuildFile; fileRef = 536E0AD9279EB72000F9A830 /* SceneDelegate.swift */; };
		536E0ADC279EB72000F9A830 /* NewViewController.swift in Sources */ = {isa = PBXBuildFile; fileRef = 536E0ADB279EB72000F9A830 /* NewViewController.swift */; };
		536E0ADF279EB72000F9A830 /* Main.storyboard in Resources */ = {isa = PBXBuildFile; fileRef = 536E0ADD279EB72000F9A830 /* Main.storyboard */; };
		536E0AE1279EB72100F9A830 /* Assets.xcassets in Resources */ = {isa = PBXBuildFile; fileRef = 536E0AE0279EB72100F9A830 /* Assets.xcassets */; };
		536E0AE4279EB72100F9A830 /* LaunchScreen.storyboard in Resources */ = {isa = PBXBuildFile; fileRef = 536E0AE2279EB72100F9A830 /* LaunchScreen.storyboard */; };
		58332FF027A8079D00DDC3F1 /* Kingfisher in Frameworks */ = {isa = PBXBuildFile; productRef = 58332FEF27A8079D00DDC3F1 /* Kingfisher */; };
/* End PBXBuildFile section */

/* Begin PBXFileReference section */
		5329BDC227A2BA4500F617EC /* BookResponse.swift */ = {isa = PBXFileReference; lastKnownFileType = sourcecode.swift; path = BookResponse.swift; sourceTree = "<group>"; };
		536E0AD4279EB72000F9A830 /* booklist.app */ = {isa = PBXFileReference; explicitFileType = wrapper.application; includeInIndex = 0; path = booklist.app; sourceTree = BUILT_PRODUCTS_DIR; };
		536E0AD7279EB72000F9A830 /* AppDelegate.swift */ = {isa = PBXFileReference; lastKnownFileType = sourcecode.swift; path = AppDelegate.swift; sourceTree = "<group>"; };
		536E0AD9279EB72000F9A830 /* SceneDelegate.swift */ = {isa = PBXFileReference; lastKnownFileType = sourcecode.swift; path = SceneDelegate.swift; sourceTree = "<group>"; };
		536E0ADB279EB72000F9A830 /* NewViewController.swift */ = {isa = PBXFileReference; lastKnownFileType = sourcecode.swift; path = NewViewController.swift; sourceTree = "<group>"; };
		536E0ADE279EB72000F9A830 /* Base */ = {isa = PBXFileReference; lastKnownFileType = file.storyboard; name = Base; path = Base.lproj/Main.storyboard; sourceTree = "<group>"; };
		536E0AE0279EB72100F9A830 /* Assets.xcassets */ = {isa = PBXFileReference; lastKnownFileType = folder.assetcatalog; path = Assets.xcassets; sourceTree = "<group>"; };
		536E0AE3279EB72100F9A830 /* Base */ = {isa = PBXFileReference; lastKnownFileType = file.storyboard; name = Base; path = Base.lproj/LaunchScreen.storyboard; sourceTree = "<group>"; };
		536E0AE5279EB72100F9A830 /* Info.plist */ = {isa = PBXFileReference; lastKnownFileType = text.plist.xml; path = Info.plist; sourceTree = "<group>"; };
		805AE4CF5A0EF343AB224FA5 /* Pods_booklist.framework */ = {isa = PBXFileReference; explicitFileType = wrapper.framework; includeInIndex = 0; path = Pods_booklist.framework; sourceTree = BUILT_PRODUCTS_DIR; };
		C142B95F0BBD507A9F47FD46 /* Pods-booklist.release.xcconfig */ = {isa = PBXFileReference; includeInIndex = 1; lastKnownFileType = text.xcconfig; name = "Pods-booklist.release.xcconfig"; path = "Target Support Files/Pods-booklist/Pods-booklist.release.xcconfig"; sourceTree = "<group>"; };
		E6FF67A88354D4F47782A162 /* Pods-booklist.debug.xcconfig */ = {isa = PBXFileReference; includeInIndex = 1; lastKnownFileType = text.xcconfig; name = "Pods-booklist.debug.xcconfig"; path = "Target Support Files/Pods-booklist/Pods-booklist.debug.xcconfig"; sourceTree = "<group>"; };
/* End PBXFileReference section */

/* Begin PBXFrameworksBuildPhase section */
		536E0AD1279EB72000F9A830 /* Frameworks */ = {
			isa = PBXFrameworksBuildPhase;
			buildActionMask = 2147483647;
			files = (
				58332FF027A8079D00DDC3F1 /* Kingfisher in Frameworks */,
				2ACF2C6C46FE52F26FAF664F /* Pods_booklist.framework in Frameworks */,
			);
			runOnlyForDeploymentPostprocessing = 0;
		};
/* End PBXFrameworksBuildPhase section */

/* Begin PBXGroup section */
		536E0ACB279EB72000F9A830 = {
			isa = PBXGroup;
			children = (
				536E0AD6279EB72000F9A830 /* booklist */,
				536E0AD5279EB72000F9A830 /* Products */,
				6EB73304F62C97CAF3AA6270 /* Pods */,
				96E599716263ED7757EF0C90 /* Frameworks */,
			);
			sourceTree = "<group>";
		};
		536E0AD5279EB72000F9A830 /* Products */ = {
			isa = PBXGroup;
			children = (
				536E0AD4279EB72000F9A830 /* booklist.app */,
			);
			name = Products;
			sourceTree = "<group>";
		};
		536E0AD6279EB72000F9A830 /* booklist */ = {
			isa = PBXGroup;
			children = (
				537C259F279EC407001EBB2A /* controller */,
				536E0AD7279EB72000F9A830 /* AppDelegate.swift */,
				536E0AD9279EB72000F9A830 /* SceneDelegate.swift */,
				536E0ADD279EB72000F9A830 /* Main.storyboard */,
				536E0AE0279EB72100F9A830 /* Assets.xcassets */,
				536E0AE2279EB72100F9A830 /* LaunchScreen.storyboard */,
				536E0AE5279EB72100F9A830 /* Info.plist */,
				5329BDC227A2BA4500F617EC /* BookResponse.swift */,
			);
			path = booklist;
			sourceTree = "<group>";
		};
		537C259F279EC407001EBB2A /* controller */ = {
			isa = PBXGroup;
			children = (
				536E0ADB279EB72000F9A830 /* NewViewController.swift */,
			);
			path = controller;
			sourceTree = "<group>";
		};
		6EB73304F62C97CAF3AA6270 /* Pods */ = {
			isa = PBXGroup;
			children = (
				E6FF67A88354D4F47782A162 /* Pods-booklist.debug.xcconfig */,
				C142B95F0BBD507A9F47FD46 /* Pods-booklist.release.xcconfig */,
			);
			path = Pods;
			sourceTree = "<group>";
		};
		96E599716263ED7757EF0C90 /* Frameworks */ = {
			isa = PBXGroup;
			children = (
				805AE4CF5A0EF343AB224FA5 /* Pods_booklist.framework */,
			);
			name = Frameworks;
			sourceTree = "<group>";
		};
/* End PBXGroup section */

/* Begin PBXNativeTarget section */
		536E0AD3279EB72000F9A830 /* booklist */ = {
			isa = PBXNativeTarget;
			buildConfigurationList = 536E0AE8279EB72100F9A830 /* Build configuration list for PBXNativeTarget "booklist" */;
			buildPhases = (
				75E6360F9A8B71EA4C7E1C5E /* [CP] Check Pods Manifest.lock */,
				536E0AD0279EB72000F9A830 /* Sources */,
				536E0AD1279EB72000F9A830 /* Frameworks */,
				536E0AD2279EB72000F9A830 /* Resources */,
			);
			buildRules = (
			);
			dependencies = (
			);
			name = booklist;
			packageProductDependencies = (
				58332FEF27A8079D00DDC3F1 /* Kingfisher */,
			);
			productName = booklist;
			productReference = 536E0AD4279EB72000F9A830 /* booklist.app */;
			productType = "com.apple.product-type.application";
		};
/* End PBXNativeTarget section */

/* Begin PBXProject section */
		536E0ACC279EB72000F9A830 /* Project object */ = {
			isa = PBXProject;
			attributes = {
				BuildIndependentTargetsInParallel = 1;
				LastSwiftUpdateCheck = 1320;
				LastUpgradeCheck = 1320;
				TargetAttributes = {
					536E0AD3279EB72000F9A830 = {
						CreatedOnToolsVersion = 13.2.1;
					};
				};
			};
			buildConfigurationList = 536E0ACF279EB72000F9A830 /* Build configuration list for PBXProject "booklist" */;
			compatibilityVersion = "Xcode 13.0";
			developmentRegion = en;
			hasScannedForEncodings = 0;
			knownRegions = (
				en,
				Base,
			);
			mainGroup = 536E0ACB279EB72000F9A830;
			packageReferences = (
				58332FEE27A8079D00DDC3F1 /* XCRemoteSwiftPackageReference "Kingfisher" */,
			);
			productRefGroup = 536E0AD5279EB72000F9A830 /* Products */;
			projectDirPath = "";
			projectRoot = "";
			targets = (
				536E0AD3279EB72000F9A830 /* booklist */,
			);
		};
/* End PBXProject section */

/* Begin PBXResourcesBuildPhase section */
		536E0AD2279EB72000F9A830 /* Resources */ = {
			isa = PBXResourcesBuildPhase;
			buildActionMask = 2147483647;
			files = (
				536E0AE4279EB72100F9A830 /* LaunchScreen.storyboard in Resources */,
				536E0AE1279EB72100F9A830 /* Assets.xcassets in Resources */,
				536E0ADF279EB72000F9A830 /* Main.storyboard in Resources */,
			);
			runOnlyForDeploymentPostprocessing = 0;
		};
/* End PBXResourcesBuildPhase section */

/* Begin PBXShellScriptBuildPhase section */
		75E6360F9A8B71EA4C7E1C5E /* [CP] Check Pods Manifest.lock */ = {
			isa = PBXShellScriptBuildPhase;
			buildActionMask = 2147483647;
			files = (
			);
			inputFileListPaths = (
			);
			inputPaths = (
				"${PODS_PODFILE_DIR_PATH}/Podfile.lock",
				"${PODS_ROOT}/Manifest.lock",
			);
			name = "[CP] Check Pods Manifest.lock";
			outputFileListPaths = (
			);
			outputPaths = (
				"$(DERIVED_FILE_DIR)/Pods-booklist-checkManifestLockResult.txt",
			);
			runOnlyForDeploymentPostprocessing = 0;
			shellPath = /bin/sh;
			shellScript = "diff \"${PODS_PODFILE_DIR_PATH}/Podfile.lock\" \"${PODS_ROOT}/Manifest.lock\" > /dev/null\nif [ $? != 0 ] ; then\n    # print error to STDERR\n    echo \"error: The sandbox is not in sync with the Podfile.lock. Run 'pod install' or update your CocoaPods installation.\" >&2\n    exit 1\nfi\n# This output is used by Xcode 'outputs' to avoid re-running this script phase.\necho \"SUCCESS\" > \"${SCRIPT_OUTPUT_FILE_0}\"\n";
			showEnvVarsInLog = 0;
		};
/* End PBXShellScriptBuildPhase section */

/* Begin PBXSourcesBuildPhase section */
		536E0AD0279EB72000F9A830 /* Sources */ = {
			isa = PBXSourcesBuildPhase;
			buildActionMask = 2147483647;
			files = (
				536E0ADC279EB72000F9A830 /* NewViewController.swift in Sources */,
				536E0AD8279EB72000F9A830 /* AppDelegate.swift in Sources */,
				536E0ADA279EB72000F9A830 /* SceneDelegate.swift in Sources */,
				5329BDC327A2BA4500F617EC /* BookResponse.swift in Sources */,
			);
			runOnlyForDeploymentPostprocessing = 0;
		};
/* End PBXSourcesBuildPhase section */

/* Begin PBXVariantGroup section */
		536E0ADD279EB72000F9A830 /* Main.storyboard */ = {
			isa = PBXVariantGroup;
			children = (
				536E0ADE279EB72000F9A830 /* Base */,
			);
			name = Main.storyboard;
			sourceTree = "<group>";
		};
		536E0AE2279EB72100F9A830 /* LaunchScreen.storyboard */ = {
			isa = PBXVariantGroup;
			children = (
				536E0AE3279EB72100F9A830 /* Base */,
			);
			name = LaunchScreen.storyboard;
			sourceTree = "<group>";
		};
/* End PBXVariantGroup section */

/* Begin XCBuildConfiguration section */
		536E0AE6279EB72100F9A830 /* Debug */ = {
			isa = XCBuildConfiguration;
			buildSettings = {
				ALWAYS_SEARCH_USER_PATHS = NO;
				CLANG_ANALYZER_NONNULL = YES;
				CLANG_ANALYZER_NUMBER_OBJECT_CONVERSION = YES_AGGRESSIVE;
				CLANG_CXX_LANGUAGE_STANDARD = "gnu++17";
				CLANG_CXX_LIBRARY = "libc++";
				CLANG_ENABLE_MODULES = YES;
				CLANG_ENABLE_OBJC_ARC = YES;
				CLANG_ENABLE_OBJC_WEAK = YES;
				CLANG_WARN_BLOCK_CAPTURE_AUTORELEASING = YES;
				CLANG_WARN_BOOL_CONVERSION = YES;
				CLANG_WARN_COMMA = YES;
				CLANG_WARN_CONSTANT_CONVERSION = YES;
				CLANG_WARN_DEPRECATED_OBJC_IMPLEMENTATIONS = YES;
				CLANG_WARN_DIRECT_OBJC_ISA_USAGE = YES_ERROR;
				CLANG_WARN_DOCUMENTATION_COMMENTS = YES;
				CLANG_WARN_EMPTY_BODY = YES;
				CLANG_WARN_ENUM_CONVERSION = YES;
				CLANG_WARN_INFINITE_RECURSION = YES;
				CLANG_WARN_INT_CONVERSION = YES;
				CLANG_WARN_NON_LITERAL_NULL_CONVERSION = YES;
				CLANG_WARN_OBJC_IMPLICIT_RETAIN_SELF = YES;
				CLANG_WARN_OBJC_LITERAL_CONVERSION = YES;
				CLANG_WARN_OBJC_ROOT_CLASS = YES_ERROR;
				CLANG_WARN_QUOTED_INCLUDE_IN_FRAMEWORK_HEADER = YES;
				CLANG_WARN_RANGE_LOOP_ANALYSIS = YES;
				CLANG_WARN_STRICT_PROTOTYPES = YES;
				CLANG_WARN_SUSPICIOUS_MOVE = YES;
				CLANG_WARN_UNGUARDED_AVAILABILITY = YES_AGGRESSIVE;
				CLANG_WARN_UNREACHABLE_CODE = YES;
				CLANG_WARN__DUPLICATE_METHOD_MATCH = YES;
				COPY_PHASE_STRIP = NO;
				DEBUG_INFORMATION_FORMAT = dwarf;
				ENABLE_STRICT_OBJC_MSGSEND = YES;
				ENABLE_TESTABILITY = YES;
				GCC_C_LANGUAGE_STANDARD = gnu11;
				GCC_DYNAMIC_NO_PIC = NO;
				GCC_NO_COMMON_BLOCKS = YES;
				GCC_OPTIMIZATION_LEVEL = 0;
				GCC_PREPROCESSOR_DEFINITIONS = (
					"DEBUG=1",
					"$(inherited)",
				);
				GCC_WARN_64_TO_32_BIT_CONVERSION = YES;
				GCC_WARN_ABOUT_RETURN_TYPE = YES_ERROR;
				GCC_WARN_UNDECLARED_SELECTOR = YES;
				GCC_WARN_UNINITIALIZED_AUTOS = YES_AGGRESSIVE;
				GCC_WARN_UNUSED_FUNCTION = YES;
				GCC_WARN_UNUSED_VARIABLE = YES;
				IPHONEOS_DEPLOYMENT_TARGET = 15.2;
				MTL_ENABLE_DEBUG_INFO = INCLUDE_SOURCE;
				MTL_FAST_MATH = YES;
				ONLY_ACTIVE_ARCH = YES;
				SDKROOT = iphoneos;
				SWIFT_ACTIVE_COMPILATION_CONDITIONS = DEBUG;
				SWIFT_OPTIMIZATION_LEVEL = "-Onone";
			};
			name = Debug;
		};
		536E0AE7279EB72100F9A830 /* Release */ = {
			isa = XCBuildConfiguration;
			buildSettings = {
				ALWAYS_SEARCH_USER_PATHS = NO;
				CLANG_ANALYZER_NONNULL = YES;
				CLANG_ANALYZER_NUMBER_OBJECT_CONVERSION = YES_AGGRESSIVE;
				CLANG_CXX_LANGUAGE_STANDARD = "gnu++17";
				CLANG_CXX_LIBRARY = "libc++";
				CLANG_ENABLE_MODULES = YES;
				CLANG_ENABLE_OBJC_ARC = YES;
				CLANG_ENABLE_OBJC_WEAK = YES;
				CLANG_WARN_BLOCK_CAPTURE_AUTORELEASING = YES;
				CLANG_WARN_BOOL_CONVERSION = YES;
				CLANG_WARN_COMMA = YES;
				CLANG_WARN_CONSTANT_CONVERSION = YES;
				CLANG_WARN_DEPRECATED_OBJC_IMPLEMENTATIONS = YES;
				CLANG_WARN_DIRECT_OBJC_ISA_USAGE = YES_ERROR;
				CLANG_WARN_DOCUMENTATION_COMMENTS = YES;
				CLANG_WARN_EMPTY_BODY = YES;
				CLANG_WARN_ENUM_CONVERSION = YES;
				CLANG_WARN_INFINITE_RECURSION = YES;
				CLANG_WARN_INT_CONVERSION = YES;
				CLANG_WARN_NON_LITERAL_NULL_CONVERSION = YES;
				CLANG_WARN_OBJC_IMPLICIT_RETAIN_SELF = YES;
				CLANG_WARN_OBJC_LITERAL_CONVERSION = YES;
				CLANG_WARN_OBJC_ROOT_CLASS = YES_ERROR;
				CLANG_WARN_QUOTED_INCLUDE_IN_FRAMEWORK_HEADER = YES;
				CLANG_WARN_RANGE_LOOP_ANALYSIS = YES;
				CLANG_WARN_STRICT_PROTOTYPES = YES;
				CLANG_WARN_SUSPICIOUS_MOVE = YES;
				CLANG_WARN_UNGUARDED_AVAILABILITY = YES_AGGRESSIVE;
				CLANG_WARN_UNREACHABLE_CODE = YES;
				CLANG_WARN__DUPLICATE_METHOD_MATCH = YES;
				COPY_PHASE_STRIP = NO;
				DEBUG_INFORMATION_FORMAT = "dwarf-with-dsym";
				ENABLE_NS_ASSERTIONS = NO;
				ENABLE_STRICT_OBJC_MSGSEND = YES;
				GCC_C_LANGUAGE_STANDARD = gnu11;
				GCC_NO_COMMON_BLOCKS = YES;
				GCC_WARN_64_TO_32_BIT_CONVERSION = YES;
				GCC_WARN_ABOUT_RETURN_TYPE = YES_ERROR;
				GCC_WARN_UNDECLARED_SELECTOR = YES;
				GCC_WARN_UNINITIALIZED_AUTOS = YES_AGGRESSIVE;
				GCC_WARN_UNUSED_FUNCTION = YES;
				GCC_WARN_UNUSED_VARIABLE = YES;
				IPHONEOS_DEPLOYMENT_TARGET = 15.2;
				MTL_ENABLE_DEBUG_INFO = NO;
				MTL_FAST_MATH = YES;
				SDKROOT = iphoneos;
				SWIFT_COMPILATION_MODE = wholemodule;
				SWIFT_OPTIMIZATION_LEVEL = "-O";
				VALIDATE_PRODUCT = YES;
			};
			name = Release;
		};
		536E0AE9279EB72100F9A830 /* Debug */ = {
			isa = XCBuildConfiguration;
			baseConfigurationReference = E6FF67A88354D4F47782A162 /* Pods-booklist.debug.xcconfig */;
			buildSettings = {
				ASSETCATALOG_COMPILER_APPICON_NAME = AppIcon;
				ASSETCATALOG_COMPILER_GLOBAL_ACCENT_COLOR_NAME = AccentColor;
				CODE_SIGN_STYLE = Automatic;
				CURRENT_PROJECT_VERSION = 1;
				DEVELOPMENT_TEAM = 5KL368DK64;
				GENERATE_INFOPLIST_FILE = YES;
				INFOPLIST_FILE = booklist/Info.plist;
				INFOPLIST_KEY_UIApplicationSupportsIndirectInputEvents = YES;
				INFOPLIST_KEY_UILaunchStoryboardName = LaunchScreen;
				INFOPLIST_KEY_UIMainStoryboardFile = Main;
				INFOPLIST_KEY_UISupportedInterfaceOrientations_iPad = "UIInterfaceOrientationPortrait UIInterfaceOrientationPortraitUpsideDown UIInterfaceOrientationLandscapeLeft UIInterfaceOrientationLandscapeRight";
				INFOPLIST_KEY_UISupportedInterfaceOrientations_iPhone = "UIInterfaceOrientationPortrait UIInterfaceOrientationLandscapeLeft UIInterfaceOrientationLandscapeRight";
				LD_RUNPATH_SEARCH_PATHS = (
					"$(inherited)",
					"@executable_path/Frameworks",
				);
				MARKETING_VERSION = 1.0;
				PRODUCT_BUNDLE_IDENTIFIER = com.unicornstory.booklist;
				PRODUCT_NAME = "$(TARGET_NAME)";
				SWIFT_EMIT_LOC_STRINGS = YES;
				SWIFT_VERSION = 5.0;
				TARGETED_DEVICE_FAMILY = "1,2";
			};
			name = Debug;
		};
		536E0AEA279EB72100F9A830 /* Release */ = {
			isa = XCBuildConfiguration;
			baseConfigurationReference = C142B95F0BBD507A9F47FD46 /* Pods-booklist.release.xcconfig */;
			buildSettings = {
				ASSETCATALOG_COMPILER_APPICON_NAME = AppIcon;
				ASSETCATALOG_COMPILER_GLOBAL_ACCENT_COLOR_NAME = AccentColor;
				CODE_SIGN_STYLE = Automatic;
				CURRENT_PROJECT_VERSION = 1;
				DEVELOPMENT_TEAM = 5KL368DK64;
				GENERATE_INFOPLIST_FILE = YES;
				INFOPLIST_FILE = booklist/Info.plist;
				INFOPLIST_KEY_UIApplicationSupportsIndirectInputEvents = YES;
				INFOPLIST_KEY_UILaunchStoryboardName = LaunchScreen;
				INFOPLIST_KEY_UIMainStoryboardFile = Main;
				INFOPLIST_KEY_UISupportedInterfaceOrientations_iPad = "UIInterfaceOrientationPortrait UIInterfaceOrientationPortraitUpsideDown UIInterfaceOrientationLandscapeLeft UIInterfaceOrientationLandscapeRight";
				INFOPLIST_KEY_UISupportedInterfaceOrientations_iPhone = "UIInterfaceOrientationPortrait UIInterfaceOrientationLandscapeLeft UIInterfaceOrientationLandscapeRight";
				LD_RUNPATH_SEARCH_PATHS = (
					"$(inherited)",
					"@executable_path/Frameworks",
				);
				MARKETING_VERSION = 1.0;
				PRODUCT_BUNDLE_IDENTIFIER = com.unicornstory.booklist;
				PRODUCT_NAME = "$(TARGET_NAME)";
				SWIFT_EMIT_LOC_STRINGS = YES;
				SWIFT_VERSION = 5.0;
				TARGETED_DEVICE_FAMILY = "1,2";
			};
			name = Release;
		};
/* End XCBuildConfiguration section */

/* Begin XCConfigurationList section */
		536E0ACF279EB72000F9A830 /* Build configuration list for PBXProject "booklist" */ = {
			isa = XCConfigurationList;
			buildConfigurations = (
				536E0AE6279EB72100F9A830 /* Debug */,
				536E0AE7279EB72100F9A830 /* Release */,
			);
			defaultConfigurationIsVisible = 0;
			defaultConfigurationName = Release;
		};
		536E0AE8279EB72100F9A830 /* Build configuration list for PBXNativeTarget "booklist" */ = {
			isa = XCConfigurationList;
			buildConfigurations = (
				536E0AE9279EB72100F9A830 /* Debug */,
				536E0AEA279EB72100F9A830 /* Release */,
			);
			defaultConfigurationIsVisible = 0;
			defaultConfigurationName = Release;
		};
/* End XCConfigurationList section */

/* Begin XCRemoteSwiftPackageReference section */
		58332FEE27A8079D00DDC3F1 /* XCRemoteSwiftPackageReference "Kingfisher" */ = {
			isa = XCRemoteSwiftPackageReference;
			repositoryURL = "https://github.com/onevcat/Kingfisher.git";
			requirement = {
				kind = upToNextMajorVersion;
				minimumVersion = 7.0.0;
			};
		};
/* End XCRemoteSwiftPackageReference section */

/* Begin XCSwiftPackageProductDependency section */
		58332FEF27A8079D00DDC3F1 /* Kingfisher */ = {
			isa = XCSwiftPackageProductDependency;
			package = 58332FEE27A8079D00DDC3F1 /* XCRemoteSwiftPackageReference "Kingfisher" */;
			productName = Kingfisher;
		};
/* End XCSwiftPackageProductDependency section */
	};
	rootObject = 536E0ACC279EB72000F9A830 /* Project object */;
}
